// !$*UTF8*$!
{
	archiveVersion = 1;
	classes = {
	};
	objectVersion = 56;
	objects = {

/* Begin PBXBuildFile section */
		A75A10132C9F73A2007E6763 /* Font+Extension.swift in Sources */ = {isa = PBXBuildFile; fileRef = A75A10122C9F73A2007E6763 /* Font+Extension.swift */; };
		A75A10152C9F7580007E6763 /* BorderViewModifier.swift in Sources */ = {isa = PBXBuildFile; fileRef = A75A10142C9F7580007E6763 /* BorderViewModifier.swift */; };
		A7DBABD22C9E62580021CFD9 /* MoviesAppApp.swift in Sources */ = {isa = PBXBuildFile; fileRef = A7DBABD12C9E62580021CFD9 /* MoviesAppApp.swift */; };
		A7DBABD42C9E62580021CFD9 /* ContentView.swift in Sources */ = {isa = PBXBuildFile; fileRef = A7DBABD32C9E62580021CFD9 /* ContentView.swift */; };
		A7DBABD62C9E62590021CFD9 /* Assets.xcassets in Resources */ = {isa = PBXBuildFile; fileRef = A7DBABD52C9E62590021CFD9 /* Assets.xcassets */; };
		A7DBABD92C9E62590021CFD9 /* Preview Assets.xcassets in Resources */ = {isa = PBXBuildFile; fileRef = A7DBABD82C9E62590021CFD9 /* Preview Assets.xcassets */; };
		A7DBABE62C9E6B4E0021CFD9 /* MainTab.swift in Sources */ = {isa = PBXBuildFile; fileRef = A7DBABE52C9E6B4E0021CFD9 /* MainTab.swift */; };
		A7DBABEE2C9E6C490021CFD9 /* Image+Extension.swift in Sources */ = {isa = PBXBuildFile; fileRef = A7DBABED2C9E6C490021CFD9 /* Image+Extension.swift */; };
		A7DBABF22C9E6DA40021CFD9 /* ToolBarItemViewModifier.swift in Sources */ = {isa = PBXBuildFile; fileRef = A7DBABF12C9E6DA40021CFD9 /* ToolBarItemViewModifier.swift */; };
		A7DBABF62C9E6F470021CFD9 /* Color+Extension.swift in Sources */ = {isa = PBXBuildFile; fileRef = A7DBABF52C9E6F470021CFD9 /* Color+Extension.swift */; };
		A7DBABF82C9E71E50021CFD9 /* Launch Screen.storyboard in Resources */ = {isa = PBXBuildFile; fileRef = A7DBABF72C9E71E50021CFD9 /* Launch Screen.storyboard */; };
		A7DBABFC2C9E76340021CFD9 /* HomeView.swift in Sources */ = {isa = PBXBuildFile; fileRef = A7DBABFB2C9E76340021CFD9 /* HomeView.swift */; };
		A7DBABFF2C9E76CF0021CFD9 /* HomeViewModel.swift in Sources */ = {isa = PBXBuildFile; fileRef = A7DBABFE2C9E76CF0021CFD9 /* HomeViewModel.swift */; };
		A7DBAC032C9E7DCB0021CFD9 /* EndpointType.swift in Sources */ = {isa = PBXBuildFile; fileRef = A7DBAC022C9E7DCB0021CFD9 /* EndpointType.swift */; };
		A7DBAC052C9E7E040021CFD9 /* MoviesEndpoint.swift in Sources */ = {isa = PBXBuildFile; fileRef = A7DBAC042C9E7E040021CFD9 /* MoviesEndpoint.swift */; };
		A7DBAC082C9E801B0021CFD9 /* AppKeysLocal.swift in Sources */ = {isa = PBXBuildFile; fileRef = A7DBAC072C9E801B0021CFD9 /* AppKeysLocal.swift */; };
		A7DBAC0A2C9E81690021CFD9 /* AppKeysTemplate.swift in Sources */ = {isa = PBXBuildFile; fileRef = A7DBAC092C9E81690021CFD9 /* AppKeysTemplate.swift */; };
		A7DBAC0C2C9E8E4E0021CFD9 /* NetworkManager.swift in Sources */ = {isa = PBXBuildFile; fileRef = A7DBAC0B2C9E8E4E0021CFD9 /* NetworkManager.swift */; };
		A7DBAC102C9E8EA30021CFD9 /* Logger.swift in Sources */ = {isa = PBXBuildFile; fileRef = A7DBAC0F2C9E8EA30021CFD9 /* Logger.swift */; };
		A7DBAC122C9E8F5A0021CFD9 /* NetworkServiceError.swift in Sources */ = {isa = PBXBuildFile; fileRef = A7DBAC112C9E8F5A0021CFD9 /* NetworkServiceError.swift */; };
		A7DBAC142C9E8F730021CFD9 /* NetworkError.swift in Sources */ = {isa = PBXBuildFile; fileRef = A7DBAC132C9E8F730021CFD9 /* NetworkError.swift */; };
		A7DBAC172C9E90880021CFD9 /* URLRequest+Extension.swift in Sources */ = {isa = PBXBuildFile; fileRef = A7DBAC162C9E90880021CFD9 /* URLRequest+Extension.swift */; };
		A7DBAC192C9E91FA0021CFD9 /* String+Extension.swift in Sources */ = {isa = PBXBuildFile; fileRef = A7DBAC182C9E91FA0021CFD9 /* String+Extension.swift */; };
		A7DBAC1B2C9E923F0021CFD9 /* Data+Extension.swift in Sources */ = {isa = PBXBuildFile; fileRef = A7DBAC1A2C9E923F0021CFD9 /* Data+Extension.swift */; };
		A7DBAC1F2C9E99890021CFD9 /* MoviesRemoteRepositoryProtocol.swift in Sources */ = {isa = PBXBuildFile; fileRef = A7DBAC1E2C9E99890021CFD9 /* MoviesRemoteRepositoryProtocol.swift */; };
		A7DBAC222C9E9B210021CFD9 /* MoviesDatabaseDTO.swift in Sources */ = {isa = PBXBuildFile; fileRef = A7DBAC212C9E9B210021CFD9 /* MoviesDatabaseDTO.swift */; };
		A7DBAC252C9E9BDA0021CFD9 /* Movie.swift in Sources */ = {isa = PBXBuildFile; fileRef = A7DBAC242C9E9BDA0021CFD9 /* Movie.swift */; };
		A7DBAC272C9E9F080021CFD9 /* MovieDatabaseDTO.swift in Sources */ = {isa = PBXBuildFile; fileRef = A7DBAC262C9E9F080021CFD9 /* MovieDatabaseDTO.swift */; };
		A7DBAC292C9EA1070021CFD9 /* MoviesRemoteRepository.swift in Sources */ = {isa = PBXBuildFile; fileRef = A7DBAC282C9EA1070021CFD9 /* MoviesRemoteRepository.swift */; };
		A7DBAC2C2C9EA2B60021CFD9 /* GetMoviesByCategoryUseCase.swift in Sources */ = {isa = PBXBuildFile; fileRef = A7DBAC2B2C9EA2B60021CFD9 /* GetMoviesByCategoryUseCase.swift */; };
		A7DBAC2E2C9EA3670021CFD9 /* MovieCategory.swift in Sources */ = {isa = PBXBuildFile; fileRef = A7DBAC2D2C9EA3670021CFD9 /* MovieCategory.swift */; };
		A7DBAC302C9EA5660021CFD9 /* HomeViewBuilder.swift in Sources */ = {isa = PBXBuildFile; fileRef = A7DBAC2F2C9EA5660021CFD9 /* HomeViewBuilder.swift */; };
		A7DBAC322C9EA5D30021CFD9 /* MoviesRemoteRepositoryMock.swift in Sources */ = {isa = PBXBuildFile; fileRef = A7DBAC312C9EA5D30021CFD9 /* MoviesRemoteRepositoryMock.swift */; };
		A7DBAC342C9EA7780021CFD9 /* OnFirstAppearViewModifier.swift in Sources */ = {isa = PBXBuildFile; fileRef = A7DBAC332C9EA7780021CFD9 /* OnFirstAppearViewModifier.swift */; };
		A7DBAC362C9EA8AA0021CFD9 /* Optional+Any.swift in Sources */ = {isa = PBXBuildFile; fileRef = A7DBAC352C9EA8AA0021CFD9 /* Optional+Any.swift */; };
		A7DBAC392C9EA9730021CFD9 /* SafeButton.swift in Sources */ = {isa = PBXBuildFile; fileRef = A7DBAC382C9EA9730021CFD9 /* SafeButton.swift */; };
		A7DBAC3E2C9F24730021CFD9 /* HomeCategoryGroup.swift in Sources */ = {isa = PBXBuildFile; fileRef = A7DBAC3D2C9F24730021CFD9 /* HomeCategoryGroup.swift */; };
		A7DBAC402C9F24830021CFD9 /* HomeCategoryStatus.swift in Sources */ = {isa = PBXBuildFile; fileRef = A7DBAC3F2C9F24830021CFD9 /* HomeCategoryStatus.swift */; };
		A7DBAC422C9F26220021CFD9 /* HomeMovie.swift in Sources */ = {isa = PBXBuildFile; fileRef = A7DBAC412C9F26220021CFD9 /* HomeMovie.swift */; };
		A7DBAC442C9F28900021CFD9 /* HomeSectionGroup.swift in Sources */ = {isa = PBXBuildFile; fileRef = A7DBAC432C9F28900021CFD9 /* HomeSectionGroup.swift */; };
		A7DBAC472C9F2AF60021CFD9 /* HomeSection.swift in Sources */ = {isa = PBXBuildFile; fileRef = A7DBAC462C9F2AF60021CFD9 /* HomeSection.swift */; };
		A7DBAC492C9F30F30021CFD9 /* Collection+Extension.swift in Sources */ = {isa = PBXBuildFile; fileRef = A7DBAC482C9F30F30021CFD9 /* Collection+Extension.swift */; };
		A7DBAC4B2C9F3D700021CFD9 /* UpdateWrapper.swift in Sources */ = {isa = PBXBuildFile; fileRef = A7DBAC4A2C9F3D700021CFD9 /* UpdateWrapper.swift */; };
		A7DBAC4E2C9F48D20021CFD9 /* HomeMovieView.swift in Sources */ = {isa = PBXBuildFile; fileRef = A7DBAC4D2C9F48D20021CFD9 /* HomeMovieView.swift */; };
		A7DBAC502C9F561F0021CFD9 /* View+Extension.swift in Sources */ = {isa = PBXBuildFile; fileRef = A7DBAC4F2C9F561F0021CFD9 /* View+Extension.swift */; };
		A7DBAC522C9F587F0021CFD9 /* RemoteImage.swift in Sources */ = {isa = PBXBuildFile; fileRef = A7DBAC512C9F587F0021CFD9 /* RemoteImage.swift */; };
		A7DBAC552C9F616B0021CFD9 /* HomeMovieCellPrincipal.swift in Sources */ = {isa = PBXBuildFile; fileRef = A7DBAC542C9F616B0021CFD9 /* HomeMovieCellPrincipal.swift */; };
		A7DBAC572C9F62730021CFD9 /* HomeMovieCellSecondary.swift in Sources */ = {isa = PBXBuildFile; fileRef = A7DBAC562C9F62730021CFD9 /* HomeMovieCellSecondary.swift */; };
		A7DBAC5A2C9F63F60021CFD9 /* movies-popular.txt in Resources */ = {isa = PBXBuildFile; fileRef = A7DBAC592C9F63F60021CFD9 /* movies-popular.txt */; };
		A7DBAC602C9F650D0021CFD9 /* FileReader.swift in Sources */ = {isa = PBXBuildFile; fileRef = A7DBAC5F2C9F650D0021CFD9 /* FileReader.swift */; };
		A7DBAC622C9F69350021CFD9 /* LocalStorage.swift in Sources */ = {isa = PBXBuildFile; fileRef = A7DBAC612C9F69350021CFD9 /* LocalStorage.swift */; };
		A7DBAC652C9F694A0021CFD9 /* LocalKeys.swift in Sources */ = {isa = PBXBuildFile; fileRef = A7DBAC642C9F694A0021CFD9 /* LocalKeys.swift */; };
		A7DBAC672C9F69770021CFD9 /* AppConfig.swift in Sources */ = {isa = PBXBuildFile; fileRef = A7DBAC662C9F69770021CFD9 /* AppConfig.swift */; };
		A7DBAC6A2C9F69B80021CFD9 /* SettingsView.swift in Sources */ = {isa = PBXBuildFile; fileRef = A7DBAC692C9F69B80021CFD9 /* SettingsView.swift */; };
		A7DBAC6D2C9F6A610021CFD9 /* SettingsViewModel.swift in Sources */ = {isa = PBXBuildFile; fileRef = A7DBAC6C2C9F6A610021CFD9 /* SettingsViewModel.swift */; };
/* End PBXBuildFile section */

/* Begin PBXFileReference section */
		A75A10122C9F73A2007E6763 /* Font+Extension.swift */ = {isa = PBXFileReference; lastKnownFileType = sourcecode.swift; path = "Font+Extension.swift"; sourceTree = "<group>"; };
		A75A10142C9F7580007E6763 /* BorderViewModifier.swift */ = {isa = PBXFileReference; lastKnownFileType = sourcecode.swift; path = BorderViewModifier.swift; sourceTree = "<group>"; };
		A7DBABCE2C9E62580021CFD9 /* MoviesApp.app */ = {isa = PBXFileReference; explicitFileType = wrapper.application; includeInIndex = 0; path = MoviesApp.app; sourceTree = BUILT_PRODUCTS_DIR; };
		A7DBABD12C9E62580021CFD9 /* MoviesAppApp.swift */ = {isa = PBXFileReference; lastKnownFileType = sourcecode.swift; path = MoviesAppApp.swift; sourceTree = "<group>"; };
		A7DBABD32C9E62580021CFD9 /* ContentView.swift */ = {isa = PBXFileReference; lastKnownFileType = sourcecode.swift; path = ContentView.swift; sourceTree = "<group>"; };
		A7DBABD52C9E62590021CFD9 /* Assets.xcassets */ = {isa = PBXFileReference; lastKnownFileType = folder.assetcatalog; path = Assets.xcassets; sourceTree = "<group>"; };
		A7DBABD82C9E62590021CFD9 /* Preview Assets.xcassets */ = {isa = PBXFileReference; lastKnownFileType = folder.assetcatalog; path = "Preview Assets.xcassets"; sourceTree = "<group>"; };
		A7DBABE52C9E6B4E0021CFD9 /* MainTab.swift */ = {isa = PBXFileReference; lastKnownFileType = sourcecode.swift; path = MainTab.swift; sourceTree = "<group>"; };
		A7DBABED2C9E6C490021CFD9 /* Image+Extension.swift */ = {isa = PBXFileReference; lastKnownFileType = sourcecode.swift; path = "Image+Extension.swift"; sourceTree = "<group>"; };
		A7DBABF12C9E6DA40021CFD9 /* ToolBarItemViewModifier.swift */ = {isa = PBXFileReference; lastKnownFileType = sourcecode.swift; path = ToolBarItemViewModifier.swift; sourceTree = "<group>"; };
		A7DBABF52C9E6F470021CFD9 /* Color+Extension.swift */ = {isa = PBXFileReference; lastKnownFileType = sourcecode.swift; path = "Color+Extension.swift"; sourceTree = "<group>"; };
		A7DBABF72C9E71E50021CFD9 /* Launch Screen.storyboard */ = {isa = PBXFileReference; lastKnownFileType = file.storyboard; path = "Launch Screen.storyboard"; sourceTree = "<group>"; };
		A7DBABF92C9E74620021CFD9 /* Info.plist */ = {isa = PBXFileReference; lastKnownFileType = text.plist.xml; path = Info.plist; sourceTree = "<group>"; };
		A7DBABFB2C9E76340021CFD9 /* HomeView.swift */ = {isa = PBXFileReference; lastKnownFileType = sourcecode.swift; path = HomeView.swift; sourceTree = "<group>"; };
		A7DBABFE2C9E76CF0021CFD9 /* HomeViewModel.swift */ = {isa = PBXFileReference; lastKnownFileType = sourcecode.swift; path = HomeViewModel.swift; sourceTree = "<group>"; };
		A7DBAC022C9E7DCB0021CFD9 /* EndpointType.swift */ = {isa = PBXFileReference; lastKnownFileType = sourcecode.swift; path = EndpointType.swift; sourceTree = "<group>"; };
		A7DBAC042C9E7E040021CFD9 /* MoviesEndpoint.swift */ = {isa = PBXFileReference; lastKnownFileType = sourcecode.swift; path = MoviesEndpoint.swift; sourceTree = "<group>"; };
		A7DBAC072C9E801B0021CFD9 /* AppKeysLocal.swift */ = {isa = PBXFileReference; lastKnownFileType = sourcecode.swift; path = AppKeysLocal.swift; sourceTree = "<group>"; };
		A7DBAC092C9E81690021CFD9 /* AppKeysTemplate.swift */ = {isa = PBXFileReference; lastKnownFileType = sourcecode.swift; path = AppKeysTemplate.swift; sourceTree = "<group>"; };
		A7DBAC0B2C9E8E4E0021CFD9 /* NetworkManager.swift */ = {isa = PBXFileReference; lastKnownFileType = sourcecode.swift; path = NetworkManager.swift; sourceTree = "<group>"; };
		A7DBAC0F2C9E8EA30021CFD9 /* Logger.swift */ = {isa = PBXFileReference; lastKnownFileType = sourcecode.swift; path = Logger.swift; sourceTree = "<group>"; };
		A7DBAC112C9E8F5A0021CFD9 /* NetworkServiceError.swift */ = {isa = PBXFileReference; lastKnownFileType = sourcecode.swift; path = NetworkServiceError.swift; sourceTree = "<group>"; };
		A7DBAC132C9E8F730021CFD9 /* NetworkError.swift */ = {isa = PBXFileReference; lastKnownFileType = sourcecode.swift; path = NetworkError.swift; sourceTree = "<group>"; };
		A7DBAC162C9E90880021CFD9 /* URLRequest+Extension.swift */ = {isa = PBXFileReference; lastKnownFileType = sourcecode.swift; path = "URLRequest+Extension.swift"; sourceTree = "<group>"; };
		A7DBAC182C9E91FA0021CFD9 /* String+Extension.swift */ = {isa = PBXFileReference; lastKnownFileType = sourcecode.swift; path = "String+Extension.swift"; sourceTree = "<group>"; };
		A7DBAC1A2C9E923F0021CFD9 /* Data+Extension.swift */ = {isa = PBXFileReference; lastKnownFileType = sourcecode.swift; path = "Data+Extension.swift"; sourceTree = "<group>"; };
		A7DBAC1E2C9E99890021CFD9 /* MoviesRemoteRepositoryProtocol.swift */ = {isa = PBXFileReference; lastKnownFileType = sourcecode.swift; path = MoviesRemoteRepositoryProtocol.swift; sourceTree = "<group>"; };
		A7DBAC212C9E9B210021CFD9 /* MoviesDatabaseDTO.swift */ = {isa = PBXFileReference; lastKnownFileType = sourcecode.swift; path = MoviesDatabaseDTO.swift; sourceTree = "<group>"; };
		A7DBAC242C9E9BDA0021CFD9 /* Movie.swift */ = {isa = PBXFileReference; lastKnownFileType = sourcecode.swift; path = Movie.swift; sourceTree = "<group>"; };
		A7DBAC262C9E9F080021CFD9 /* MovieDatabaseDTO.swift */ = {isa = PBXFileReference; lastKnownFileType = sourcecode.swift; path = MovieDatabaseDTO.swift; sourceTree = "<group>"; };
		A7DBAC282C9EA1070021CFD9 /* MoviesRemoteRepository.swift */ = {isa = PBXFileReference; lastKnownFileType = sourcecode.swift; path = MoviesRemoteRepository.swift; sourceTree = "<group>"; };
		A7DBAC2B2C9EA2B60021CFD9 /* GetMoviesByCategoryUseCase.swift */ = {isa = PBXFileReference; lastKnownFileType = sourcecode.swift; path = GetMoviesByCategoryUseCase.swift; sourceTree = "<group>"; };
		A7DBAC2D2C9EA3670021CFD9 /* MovieCategory.swift */ = {isa = PBXFileReference; lastKnownFileType = sourcecode.swift; path = MovieCategory.swift; sourceTree = "<group>"; };
		A7DBAC2F2C9EA5660021CFD9 /* HomeViewBuilder.swift */ = {isa = PBXFileReference; lastKnownFileType = sourcecode.swift; path = HomeViewBuilder.swift; sourceTree = "<group>"; };
		A7DBAC312C9EA5D30021CFD9 /* MoviesRemoteRepositoryMock.swift */ = {isa = PBXFileReference; lastKnownFileType = sourcecode.swift; path = MoviesRemoteRepositoryMock.swift; sourceTree = "<group>"; };
		A7DBAC332C9EA7780021CFD9 /* OnFirstAppearViewModifier.swift */ = {isa = PBXFileReference; lastKnownFileType = sourcecode.swift; path = OnFirstAppearViewModifier.swift; sourceTree = "<group>"; };
		A7DBAC352C9EA8AA0021CFD9 /* Optional+Any.swift */ = {isa = PBXFileReference; lastKnownFileType = sourcecode.swift; path = "Optional+Any.swift"; sourceTree = "<group>"; };
		A7DBAC382C9EA9730021CFD9 /* SafeButton.swift */ = {isa = PBXFileReference; lastKnownFileType = sourcecode.swift; path = SafeButton.swift; sourceTree = "<group>"; };
		A7DBAC3D2C9F24730021CFD9 /* HomeCategoryGroup.swift */ = {isa = PBXFileReference; lastKnownFileType = sourcecode.swift; path = HomeCategoryGroup.swift; sourceTree = "<group>"; };
		A7DBAC3F2C9F24830021CFD9 /* HomeCategoryStatus.swift */ = {isa = PBXFileReference; lastKnownFileType = sourcecode.swift; path = HomeCategoryStatus.swift; sourceTree = "<group>"; };
		A7DBAC412C9F26220021CFD9 /* HomeMovie.swift */ = {isa = PBXFileReference; lastKnownFileType = sourcecode.swift; path = HomeMovie.swift; sourceTree = "<group>"; };
		A7DBAC432C9F28900021CFD9 /* HomeSectionGroup.swift */ = {isa = PBXFileReference; lastKnownFileType = sourcecode.swift; path = HomeSectionGroup.swift; sourceTree = "<group>"; };
		A7DBAC462C9F2AF60021CFD9 /* HomeSection.swift */ = {isa = PBXFileReference; lastKnownFileType = sourcecode.swift; path = HomeSection.swift; sourceTree = "<group>"; };
		A7DBAC482C9F30F30021CFD9 /* Collection+Extension.swift */ = {isa = PBXFileReference; lastKnownFileType = sourcecode.swift; path = "Collection+Extension.swift"; sourceTree = "<group>"; };
		A7DBAC4A2C9F3D700021CFD9 /* UpdateWrapper.swift */ = {isa = PBXFileReference; lastKnownFileType = sourcecode.swift; path = UpdateWrapper.swift; sourceTree = "<group>"; };
		A7DBAC4D2C9F48D20021CFD9 /* HomeMovieView.swift */ = {isa = PBXFileReference; lastKnownFileType = sourcecode.swift; path = HomeMovieView.swift; sourceTree = "<group>"; };
		A7DBAC4F2C9F561F0021CFD9 /* View+Extension.swift */ = {isa = PBXFileReference; lastKnownFileType = sourcecode.swift; path = "View+Extension.swift"; sourceTree = "<group>"; };
		A7DBAC512C9F587F0021CFD9 /* RemoteImage.swift */ = {isa = PBXFileReference; lastKnownFileType = sourcecode.swift; path = RemoteImage.swift; sourceTree = "<group>"; };
		A7DBAC542C9F616B0021CFD9 /* HomeMovieCellPrincipal.swift */ = {isa = PBXFileReference; lastKnownFileType = sourcecode.swift; path = HomeMovieCellPrincipal.swift; sourceTree = "<group>"; };
		A7DBAC562C9F62730021CFD9 /* HomeMovieCellSecondary.swift */ = {isa = PBXFileReference; lastKnownFileType = sourcecode.swift; path = HomeMovieCellSecondary.swift; sourceTree = "<group>"; };
		A7DBAC592C9F63F60021CFD9 /* movies-popular.txt */ = {isa = PBXFileReference; lastKnownFileType = text; path = "movies-popular.txt"; sourceTree = "<group>"; };
		A7DBAC5F2C9F650D0021CFD9 /* FileReader.swift */ = {isa = PBXFileReference; lastKnownFileType = sourcecode.swift; path = FileReader.swift; sourceTree = "<group>"; };
		A7DBAC612C9F69350021CFD9 /* LocalStorage.swift */ = {isa = PBXFileReference; lastKnownFileType = sourcecode.swift; path = LocalStorage.swift; sourceTree = "<group>"; };
		A7DBAC642C9F694A0021CFD9 /* LocalKeys.swift */ = {isa = PBXFileReference; lastKnownFileType = sourcecode.swift; path = LocalKeys.swift; sourceTree = "<group>"; };
		A7DBAC662C9F69770021CFD9 /* AppConfig.swift */ = {isa = PBXFileReference; lastKnownFileType = sourcecode.swift; path = AppConfig.swift; sourceTree = "<group>"; };
		A7DBAC692C9F69B80021CFD9 /* SettingsView.swift */ = {isa = PBXFileReference; lastKnownFileType = sourcecode.swift; path = SettingsView.swift; sourceTree = "<group>"; };
		A7DBAC6C2C9F6A610021CFD9 /* SettingsViewModel.swift */ = {isa = PBXFileReference; lastKnownFileType = sourcecode.swift; path = SettingsViewModel.swift; sourceTree = "<group>"; };
/* End PBXFileReference section */

/* Begin PBXFrameworksBuildPhase section */
		A7DBABCB2C9E62580021CFD9 /* Frameworks */ = {
			isa = PBXFrameworksBuildPhase;
			buildActionMask = 2147483647;
			files = (
			);
			runOnlyForDeploymentPostprocessing = 0;
		};
/* End PBXFrameworksBuildPhase section */

/* Begin PBXGroup section */
		A7DBABC52C9E62580021CFD9 = {
			isa = PBXGroup;
			children = (
				A7DBABD02C9E62580021CFD9 /* MoviesApp */,
				A7DBABCF2C9E62580021CFD9 /* Products */,
			);
			sourceTree = "<group>";
		};
		A7DBABCF2C9E62580021CFD9 /* Products */ = {
			isa = PBXGroup;
			children = (
				A7DBABCE2C9E62580021CFD9 /* MoviesApp.app */,
			);
			name = Products;
			sourceTree = "<group>";
		};
		A7DBABD02C9E62580021CFD9 /* MoviesApp */ = {
			isa = PBXGroup;
			children = (
				A7DBABE02C9E65890021CFD9 /* Sources */,
				A7DBABDF2C9E65800021CFD9 /* Resources */,
			);
			path = MoviesApp;
			sourceTree = "<group>";
		};
		A7DBABD72C9E62590021CFD9 /* Preview Content */ = {
			isa = PBXGroup;
			children = (
				A7DBABD82C9E62590021CFD9 /* Preview Assets.xcassets */,
			);
			path = "Preview Content";
			sourceTree = "<group>";
		};
		A7DBABDF2C9E65800021CFD9 /* Resources */ = {
			isa = PBXGroup;
			children = (
				A7DBAC582C9F63E80021CFD9 /* mocks */,
				A7DBABF92C9E74620021CFD9 /* Info.plist */,
				A7DBABD52C9E62590021CFD9 /* Assets.xcassets */,
				A7DBABD72C9E62590021CFD9 /* Preview Content */,
				A7DBABF72C9E71E50021CFD9 /* Launch Screen.storyboard */,
			);
			path = Resources;
			sourceTree = "<group>";
		};
		A7DBABE02C9E65890021CFD9 /* Sources */ = {
			isa = PBXGroup;
			children = (
				A7DBAC062C9E80110021CFD9 /* App */,
				A7DBABE32C9E66F30021CFD9 /* Data */,
				A7DBABE22C9E66F00021CFD9 /* Domain */,
				A7DBABE12C9E65D60021CFD9 /* Presentation */,
				A7DBABEC2C9E6C360021CFD9 /* Shared */,
			);
			path = Sources;
			sourceTree = "<group>";
		};
		A7DBABE12C9E65D60021CFD9 /* Presentation */ = {
			isa = PBXGroup;
			children = (
				A7DBABE82C9E6BEC0021CFD9 /* Screens */,
				A7DBABF02C9E6D8D0021CFD9 /* Common */,
			);
			path = Presentation;
			sourceTree = "<group>";
		};
		A7DBABE22C9E66F00021CFD9 /* Domain */ = {
			isa = PBXGroup;
			children = (
				A7DBAC2A2C9EA1F30021CFD9 /* UseCases */,
				A7DBAC232C9E9BD30021CFD9 /* Entities */,
				A7DBAC012C9E7D6F0021CFD9 /* Endpoints */,
			);
			path = Domain;
			sourceTree = "<group>";
		};
		A7DBABE32C9E66F30021CFD9 /* Data */ = {
			isa = PBXGroup;
			children = (
				A7DBAC202C9E9AD80021CFD9 /* DTO */,
				A7DBAC1C2C9E99480021CFD9 /* Repositories */,
				A7DBAC002C9E7D350021CFD9 /* Network */,
			);
			path = Data;
			sourceTree = "<group>";
		};
		A7DBABE42C9E6B310021CFD9 /* Root */ = {
			isa = PBXGroup;
			children = (
				A7DBABD32C9E62580021CFD9 /* ContentView.swift */,
				A7DBABE52C9E6B4E0021CFD9 /* MainTab.swift */,
			);
			path = Root;
			sourceTree = "<group>";
		};
		A7DBABE82C9E6BEC0021CFD9 /* Screens */ = {
			isa = PBXGroup;
			children = (
				A7DBABE42C9E6B310021CFD9 /* Root */,
				A7DBAC682C9F69A40021CFD9 /* Settings */,
				A7DBABFA2C9E76280021CFD9 /* Home */,
			);
			path = Screens;
			sourceTree = "<group>";
		};
		A7DBABEC2C9E6C360021CFD9 /* Shared */ = {
			isa = PBXGroup;
			children = (
				A7DBAC0E2C9E8E9C0021CFD9 /* Components */,
				A7DBAC0D2C9E8E950021CFD9 /* Extensions */,
			);
			path = Shared;
			sourceTree = "<group>";
		};
		A7DBABEF2C9E6D800021CFD9 /* ViewModifiers */ = {
			isa = PBXGroup;
			children = (
				A7DBABF12C9E6DA40021CFD9 /* ToolBarItemViewModifier.swift */,
				A7DBAC332C9EA7780021CFD9 /* OnFirstAppearViewModifier.swift */,
				A75A10142C9F7580007E6763 /* BorderViewModifier.swift */,
			);
			path = ViewModifiers;
			sourceTree = "<group>";
		};
		A7DBABF02C9E6D8D0021CFD9 /* Common */ = {
			isa = PBXGroup;
			children = (
				A7DBAC372C9EA9660021CFD9 /* Views */,
				A7DBABEF2C9E6D800021CFD9 /* ViewModifiers */,
			);
			path = Common;
			sourceTree = "<group>";
		};
		A7DBABFA2C9E76280021CFD9 /* Home */ = {
			isa = PBXGroup;
			children = (
				A7DBAC452C9F29740021CFD9 /* Model */,
				A7DBAC4C2C9F48650021CFD9 /* View */,
				A7DBAC6B2C9F6A170021CFD9 /* ViewModel */,
			);
			path = Home;
			sourceTree = "<group>";
		};
		A7DBAC002C9E7D350021CFD9 /* Network */ = {
			isa = PBXGroup;
			children = (
				A7DBAC0B2C9E8E4E0021CFD9 /* NetworkManager.swift */,
				A7DBAC112C9E8F5A0021CFD9 /* NetworkServiceError.swift */,
				A7DBAC132C9E8F730021CFD9 /* NetworkError.swift */,
			);
			path = Network;
			sourceTree = "<group>";
		};
		A7DBAC012C9E7D6F0021CFD9 /* Endpoints */ = {
			isa = PBXGroup;
			children = (
				A7DBAC022C9E7DCB0021CFD9 /* EndpointType.swift */,
				A7DBAC042C9E7E040021CFD9 /* MoviesEndpoint.swift */,
			);
			path = Endpoints;
			sourceTree = "<group>";
		};
		A7DBAC062C9E80110021CFD9 /* App */ = {
			isa = PBXGroup;
			children = (
				A7DBABD12C9E62580021CFD9 /* MoviesAppApp.swift */,
				A7DBAC072C9E801B0021CFD9 /* AppKeysLocal.swift */,
				A7DBAC092C9E81690021CFD9 /* AppKeysTemplate.swift */,
				A7DBAC662C9F69770021CFD9 /* AppConfig.swift */,
			);
			path = App;
			sourceTree = "<group>";
		};
		A7DBAC0D2C9E8E950021CFD9 /* Extensions */ = {
			isa = PBXGroup;
			children = (
				A7DBABED2C9E6C490021CFD9 /* Image+Extension.swift */,
				A7DBABF52C9E6F470021CFD9 /* Color+Extension.swift */,
				A7DBAC162C9E90880021CFD9 /* URLRequest+Extension.swift */,
				A7DBAC182C9E91FA0021CFD9 /* String+Extension.swift */,
				A7DBAC1A2C9E923F0021CFD9 /* Data+Extension.swift */,
				A7DBAC352C9EA8AA0021CFD9 /* Optional+Any.swift */,
				A7DBAC482C9F30F30021CFD9 /* Collection+Extension.swift */,
				A7DBAC4F2C9F561F0021CFD9 /* View+Extension.swift */,
				A75A10122C9F73A2007E6763 /* Font+Extension.swift */,
			);
			path = Extensions;
			sourceTree = "<group>";
		};
		A7DBAC0E2C9E8E9C0021CFD9 /* Components */ = {
			isa = PBXGroup;
			children = (
				A7DBAC632C9F69410021CFD9 /* LocalStorage */,
				A7DBAC0F2C9E8EA30021CFD9 /* Logger.swift */,
				A7DBAC4A2C9F3D700021CFD9 /* UpdateWrapper.swift */,
				A7DBAC512C9F587F0021CFD9 /* RemoteImage.swift */,
				A7DBAC5F2C9F650D0021CFD9 /* FileReader.swift */,
			);
			path = Components;
			sourceTree = "<group>";
		};
		A7DBAC1C2C9E99480021CFD9 /* Repositories */ = {
			isa = PBXGroup;
			children = (
				A7DBAC1D2C9E994F0021CFD9 /* Movies */,
			);
			path = Repositories;
			sourceTree = "<group>";
		};
		A7DBAC1D2C9E994F0021CFD9 /* Movies */ = {
			isa = PBXGroup;
			children = (
				A7DBAC1E2C9E99890021CFD9 /* MoviesRemoteRepositoryProtocol.swift */,
				A7DBAC282C9EA1070021CFD9 /* MoviesRemoteRepository.swift */,
				A7DBAC312C9EA5D30021CFD9 /* MoviesRemoteRepositoryMock.swift */,
			);
			path = Movies;
			sourceTree = "<group>";
		};
		A7DBAC202C9E9AD80021CFD9 /* DTO */ = {
			isa = PBXGroup;
			children = (
				A7DBAC212C9E9B210021CFD9 /* MoviesDatabaseDTO.swift */,
				A7DBAC262C9E9F080021CFD9 /* MovieDatabaseDTO.swift */,
			);
			path = DTO;
			sourceTree = "<group>";
		};
		A7DBAC232C9E9BD30021CFD9 /* Entities */ = {
			isa = PBXGroup;
			children = (
				A7DBAC242C9E9BDA0021CFD9 /* Movie.swift */,
				A7DBAC2D2C9EA3670021CFD9 /* MovieCategory.swift */,
			);
			path = Entities;
			sourceTree = "<group>";
		};
		A7DBAC2A2C9EA1F30021CFD9 /* UseCases */ = {
			isa = PBXGroup;
			children = (
				A7DBAC2B2C9EA2B60021CFD9 /* GetMoviesByCategoryUseCase.swift */,
			);
			path = UseCases;
			sourceTree = "<group>";
		};
		A7DBAC372C9EA9660021CFD9 /* Views */ = {
			isa = PBXGroup;
			children = (
				A7DBAC382C9EA9730021CFD9 /* SafeButton.swift */,
			);
			path = Views;
			sourceTree = "<group>";
		};
		A7DBAC452C9F29740021CFD9 /* Model */ = {
			isa = PBXGroup;
			children = (
				A7DBAC3D2C9F24730021CFD9 /* HomeCategoryGroup.swift */,
				A7DBAC3F2C9F24830021CFD9 /* HomeCategoryStatus.swift */,
				A7DBAC412C9F26220021CFD9 /* HomeMovie.swift */,
				A7DBAC432C9F28900021CFD9 /* HomeSectionGroup.swift */,
				A7DBAC462C9F2AF60021CFD9 /* HomeSection.swift */,
			);
			path = Model;
			sourceTree = "<group>";
		};
		A7DBAC4C2C9F48650021CFD9 /* View */ = {
			isa = PBXGroup;
			children = (
				A7DBAC532C9F61540021CFD9 /* Cells */,
				A7DBAC2F2C9EA5660021CFD9 /* HomeViewBuilder.swift */,
				A7DBABFB2C9E76340021CFD9 /* HomeView.swift */,
				A7DBAC4D2C9F48D20021CFD9 /* HomeMovieView.swift */,
			);
			path = View;
			sourceTree = "<group>";
		};
		A7DBAC532C9F61540021CFD9 /* Cells */ = {
			isa = PBXGroup;
			children = (
				A7DBAC542C9F616B0021CFD9 /* HomeMovieCellPrincipal.swift */,
				A7DBAC562C9F62730021CFD9 /* HomeMovieCellSecondary.swift */,
			);
			path = Cells;
			sourceTree = "<group>";
		};
		A7DBAC582C9F63E80021CFD9 /* mocks */ = {
			isa = PBXGroup;
			children = (
				A7DBAC592C9F63F60021CFD9 /* movies-popular.txt */,
			);
			path = mocks;
			sourceTree = "<group>";
		};
		A7DBAC632C9F69410021CFD9 /* LocalStorage */ = {
			isa = PBXGroup;
			children = (
				A7DBAC612C9F69350021CFD9 /* LocalStorage.swift */,
				A7DBAC642C9F694A0021CFD9 /* LocalKeys.swift */,
			);
			path = LocalStorage;
			sourceTree = "<group>";
		};
		A7DBAC682C9F69A40021CFD9 /* Settings */ = {
			isa = PBXGroup;
			children = (
				A7DBAC692C9F69B80021CFD9 /* SettingsView.swift */,
				A7DBAC6C2C9F6A610021CFD9 /* SettingsViewModel.swift */,
			);
			path = Settings;
			sourceTree = "<group>";
		};
		A7DBAC6B2C9F6A170021CFD9 /* ViewModel */ = {
			isa = PBXGroup;
			children = (
				A7DBABFE2C9E76CF0021CFD9 /* HomeViewModel.swift */,
			);
			path = ViewModel;
			sourceTree = "<group>";
		};
/* End PBXGroup section */

/* Begin PBXNativeTarget section */
		A7DBABCD2C9E62580021CFD9 /* MoviesApp */ = {
			isa = PBXNativeTarget;
			buildConfigurationList = A7DBABDC2C9E62590021CFD9 /* Build configuration list for PBXNativeTarget "MoviesApp" */;
			buildPhases = (
				A7DBABCA2C9E62580021CFD9 /* Sources */,
				A7DBABCB2C9E62580021CFD9 /* Frameworks */,
				A7DBABCC2C9E62580021CFD9 /* Resources */,
			);
			buildRules = (
			);
			dependencies = (
			);
			name = MoviesApp;
			productName = MoviesApp;
			productReference = A7DBABCE2C9E62580021CFD9 /* MoviesApp.app */;
			productType = "com.apple.product-type.application";
		};
/* End PBXNativeTarget section */

/* Begin PBXProject section */
		A7DBABC62C9E62580021CFD9 /* Project object */ = {
			isa = PBXProject;
			attributes = {
				BuildIndependentTargetsInParallel = 1;
				LastSwiftUpdateCheck = 1530;
				LastUpgradeCheck = 1530;
				TargetAttributes = {
					A7DBABCD2C9E62580021CFD9 = {
						CreatedOnToolsVersion = 15.3;
					};
				};
			};
			buildConfigurationList = A7DBABC92C9E62580021CFD9 /* Build configuration list for PBXProject "MoviesApp" */;
			compatibilityVersion = "Xcode 14.0";
			developmentRegion = en;
			hasScannedForEncodings = 0;
			knownRegions = (
				en,
				Base,
			);
			mainGroup = A7DBABC52C9E62580021CFD9;
			productRefGroup = A7DBABCF2C9E62580021CFD9 /* Products */;
			projectDirPath = "";
			projectRoot = "";
			targets = (
				A7DBABCD2C9E62580021CFD9 /* MoviesApp */,
			);
		};
/* End PBXProject section */

/* Begin PBXResourcesBuildPhase section */
		A7DBABCC2C9E62580021CFD9 /* Resources */ = {
			isa = PBXResourcesBuildPhase;
			buildActionMask = 2147483647;
			files = (
				A7DBABF82C9E71E50021CFD9 /* Launch Screen.storyboard in Resources */,
				A7DBABD92C9E62590021CFD9 /* Preview Assets.xcassets in Resources */,
				A7DBABD62C9E62590021CFD9 /* Assets.xcassets in Resources */,
				A7DBAC5A2C9F63F60021CFD9 /* movies-popular.txt in Resources */,
			);
			runOnlyForDeploymentPostprocessing = 0;
		};
/* End PBXResourcesBuildPhase section */

/* Begin PBXSourcesBuildPhase section */
		A7DBABCA2C9E62580021CFD9 /* Sources */ = {
			isa = PBXSourcesBuildPhase;
			buildActionMask = 2147483647;
			files = (
				A7DBAC142C9E8F730021CFD9 /* NetworkError.swift in Sources */,
				A7DBAC292C9EA1070021CFD9 /* MoviesRemoteRepository.swift in Sources */,
				A7DBAC602C9F650D0021CFD9 /* FileReader.swift in Sources */,
				A7DBAC032C9E7DCB0021CFD9 /* EndpointType.swift in Sources */,
				A7DBAC082C9E801B0021CFD9 /* AppKeysLocal.swift in Sources */,
				A7DBAC442C9F28900021CFD9 /* HomeSectionGroup.swift in Sources */,
				A7DBAC252C9E9BDA0021CFD9 /* Movie.swift in Sources */,
				A7DBAC1B2C9E923F0021CFD9 /* Data+Extension.swift in Sources */,
				A7DBAC392C9EA9730021CFD9 /* SafeButton.swift in Sources */,
				A7DBAC6A2C9F69B80021CFD9 /* SettingsView.swift in Sources */,
				A7DBAC362C9EA8AA0021CFD9 /* Optional+Any.swift in Sources */,
				A7DBAC522C9F587F0021CFD9 /* RemoteImage.swift in Sources */,
				A7DBAC342C9EA7780021CFD9 /* OnFirstAppearViewModifier.swift in Sources */,
				A7DBAC192C9E91FA0021CFD9 /* String+Extension.swift in Sources */,
				A7DBAC492C9F30F30021CFD9 /* Collection+Extension.swift in Sources */,
				A7DBAC222C9E9B210021CFD9 /* MoviesDatabaseDTO.swift in Sources */,
				A7DBAC052C9E7E040021CFD9 /* MoviesEndpoint.swift in Sources */,
				A7DBAC472C9F2AF60021CFD9 /* HomeSection.swift in Sources */,
				A7DBAC322C9EA5D30021CFD9 /* MoviesRemoteRepositoryMock.swift in Sources */,
				A7DBABD42C9E62580021CFD9 /* ContentView.swift in Sources */,
				A7DBAC0A2C9E81690021CFD9 /* AppKeysTemplate.swift in Sources */,
				A7DBAC502C9F561F0021CFD9 /* View+Extension.swift in Sources */,
				A7DBABFF2C9E76CF0021CFD9 /* HomeViewModel.swift in Sources */,
				A7DBAC402C9F24830021CFD9 /* HomeCategoryStatus.swift in Sources */,
				A7DBAC172C9E90880021CFD9 /* URLRequest+Extension.swift in Sources */,
				A7DBAC4B2C9F3D700021CFD9 /* UpdateWrapper.swift in Sources */,
				A7DBABF62C9E6F470021CFD9 /* Color+Extension.swift in Sources */,
				A7DBAC6D2C9F6A610021CFD9 /* SettingsViewModel.swift in Sources */,
				A7DBABE62C9E6B4E0021CFD9 /* MainTab.swift in Sources */,
				A7DBAC302C9EA5660021CFD9 /* HomeViewBuilder.swift in Sources */,
				A7DBABD22C9E62580021CFD9 /* MoviesAppApp.swift in Sources */,
				A7DBAC4E2C9F48D20021CFD9 /* HomeMovieView.swift in Sources */,
				A7DBAC1F2C9E99890021CFD9 /* MoviesRemoteRepositoryProtocol.swift in Sources */,
				A7DBAC122C9E8F5A0021CFD9 /* NetworkServiceError.swift in Sources */,
				A7DBAC3E2C9F24730021CFD9 /* HomeCategoryGroup.swift in Sources */,
				A7DBAC572C9F62730021CFD9 /* HomeMovieCellSecondary.swift in Sources */,
				A75A10132C9F73A2007E6763 /* Font+Extension.swift in Sources */,
				A7DBABF22C9E6DA40021CFD9 /* ToolBarItemViewModifier.swift in Sources */,
				A7DBAC422C9F26220021CFD9 /* HomeMovie.swift in Sources */,
				A7DBAC622C9F69350021CFD9 /* LocalStorage.swift in Sources */,
				A7DBAC102C9E8EA30021CFD9 /* Logger.swift in Sources */,
				A7DBAC0C2C9E8E4E0021CFD9 /* NetworkManager.swift in Sources */,
				A7DBAC2E2C9EA3670021CFD9 /* MovieCategory.swift in Sources */,
				A7DBABFC2C9E76340021CFD9 /* HomeView.swift in Sources */,
				A7DBAC272C9E9F080021CFD9 /* MovieDatabaseDTO.swift in Sources */,
				A7DBAC2C2C9EA2B60021CFD9 /* GetMoviesByCategoryUseCase.swift in Sources */,
				A7DBAC652C9F694A0021CFD9 /* LocalKeys.swift in Sources */,
				A75A10152C9F7580007E6763 /* BorderViewModifier.swift in Sources */,
				A7DBAC552C9F616B0021CFD9 /* HomeMovieCellPrincipal.swift in Sources */,
				A7DBAC672C9F69770021CFD9 /* AppConfig.swift in Sources */,
				A7DBABEE2C9E6C490021CFD9 /* Image+Extension.swift in Sources */,
			);
			runOnlyForDeploymentPostprocessing = 0;
		};
/* End PBXSourcesBuildPhase section */

/* Begin XCBuildConfiguration section */
		A7DBABDA2C9E62590021CFD9 /* Debug */ = {
			isa = XCBuildConfiguration;
			buildSettings = {
				ALWAYS_SEARCH_USER_PATHS = NO;
				ASSETCATALOG_COMPILER_GENERATE_SWIFT_ASSET_SYMBOL_EXTENSIONS = YES;
				CLANG_ANALYZER_NONNULL = YES;
				CLANG_ANALYZER_NUMBER_OBJECT_CONVERSION = YES_AGGRESSIVE;
				CLANG_CXX_LANGUAGE_STANDARD = "gnu++20";
				CLANG_ENABLE_MODULES = YES;
				CLANG_ENABLE_OBJC_ARC = YES;
				CLANG_ENABLE_OBJC_WEAK = YES;
				CLANG_WARN_BLOCK_CAPTURE_AUTORELEASING = YES;
				CLANG_WARN_BOOL_CONVERSION = YES;
				CLANG_WARN_COMMA = YES;
				CLANG_WARN_CONSTANT_CONVERSION = YES;
				CLANG_WARN_DEPRECATED_OBJC_IMPLEMENTATIONS = YES;
				CLANG_WARN_DIRECT_OBJC_ISA_USAGE = YES_ERROR;
				CLANG_WARN_DOCUMENTATION_COMMENTS = YES;
				CLANG_WARN_EMPTY_BODY = YES;
				CLANG_WARN_ENUM_CONVERSION = YES;
				CLANG_WARN_INFINITE_RECURSION = YES;
				CLANG_WARN_INT_CONVERSION = YES;
				CLANG_WARN_NON_LITERAL_NULL_CONVERSION = YES;
				CLANG_WARN_OBJC_IMPLICIT_RETAIN_SELF = YES;
				CLANG_WARN_OBJC_LITERAL_CONVERSION = YES;
				CLANG_WARN_OBJC_ROOT_CLASS = YES_ERROR;
				CLANG_WARN_QUOTED_INCLUDE_IN_FRAMEWORK_HEADER = YES;
				CLANG_WARN_RANGE_LOOP_ANALYSIS = YES;
				CLANG_WARN_STRICT_PROTOTYPES = YES;
				CLANG_WARN_SUSPICIOUS_MOVE = YES;
				CLANG_WARN_UNGUARDED_AVAILABILITY = YES_AGGRESSIVE;
				CLANG_WARN_UNREACHABLE_CODE = YES;
				CLANG_WARN__DUPLICATE_METHOD_MATCH = YES;
				COPY_PHASE_STRIP = NO;
				DEBUG_INFORMATION_FORMAT = dwarf;
				ENABLE_STRICT_OBJC_MSGSEND = YES;
				ENABLE_TESTABILITY = YES;
				ENABLE_USER_SCRIPT_SANDBOXING = YES;
				GCC_C_LANGUAGE_STANDARD = gnu17;
				GCC_DYNAMIC_NO_PIC = NO;
				GCC_NO_COMMON_BLOCKS = YES;
				GCC_OPTIMIZATION_LEVEL = 0;
				GCC_PREPROCESSOR_DEFINITIONS = (
					"DEBUG=1",
					"$(inherited)",
				);
				GCC_WARN_64_TO_32_BIT_CONVERSION = YES;
				GCC_WARN_ABOUT_RETURN_TYPE = YES_ERROR;
				GCC_WARN_UNDECLARED_SELECTOR = YES;
				GCC_WARN_UNINITIALIZED_AUTOS = YES_AGGRESSIVE;
				GCC_WARN_UNUSED_FUNCTION = YES;
				GCC_WARN_UNUSED_VARIABLE = YES;
				IPHONEOS_DEPLOYMENT_TARGET = 17.4;
				LOCALIZATION_PREFERS_STRING_CATALOGS = YES;
				MTL_ENABLE_DEBUG_INFO = INCLUDE_SOURCE;
				MTL_FAST_MATH = YES;
				ONLY_ACTIVE_ARCH = YES;
				SDKROOT = iphoneos;
				SWIFT_ACTIVE_COMPILATION_CONDITIONS = "DEBUG $(inherited)";
				SWIFT_OPTIMIZATION_LEVEL = "-Onone";
			};
			name = Debug;
		};
		A7DBABDB2C9E62590021CFD9 /* Release */ = {
			isa = XCBuildConfiguration;
			buildSettings = {
				ALWAYS_SEARCH_USER_PATHS = NO;
				ASSETCATALOG_COMPILER_GENERATE_SWIFT_ASSET_SYMBOL_EXTENSIONS = YES;
				CLANG_ANALYZER_NONNULL = YES;
				CLANG_ANALYZER_NUMBER_OBJECT_CONVERSION = YES_AGGRESSIVE;
				CLANG_CXX_LANGUAGE_STANDARD = "gnu++20";
				CLANG_ENABLE_MODULES = YES;
				CLANG_ENABLE_OBJC_ARC = YES;
				CLANG_ENABLE_OBJC_WEAK = YES;
				CLANG_WARN_BLOCK_CAPTURE_AUTORELEASING = YES;
				CLANG_WARN_BOOL_CONVERSION = YES;
				CLANG_WARN_COMMA = YES;
				CLANG_WARN_CONSTANT_CONVERSION = YES;
				CLANG_WARN_DEPRECATED_OBJC_IMPLEMENTATIONS = YES;
				CLANG_WARN_DIRECT_OBJC_ISA_USAGE = YES_ERROR;
				CLANG_WARN_DOCUMENTATION_COMMENTS = YES;
				CLANG_WARN_EMPTY_BODY = YES;
				CLANG_WARN_ENUM_CONVERSION = YES;
				CLANG_WARN_INFINITE_RECURSION = YES;
				CLANG_WARN_INT_CONVERSION = YES;
				CLANG_WARN_NON_LITERAL_NULL_CONVERSION = YES;
				CLANG_WARN_OBJC_IMPLICIT_RETAIN_SELF = YES;
				CLANG_WARN_OBJC_LITERAL_CONVERSION = YES;
				CLANG_WARN_OBJC_ROOT_CLASS = YES_ERROR;
				CLANG_WARN_QUOTED_INCLUDE_IN_FRAMEWORK_HEADER = YES;
				CLANG_WARN_RANGE_LOOP_ANALYSIS = YES;
				CLANG_WARN_STRICT_PROTOTYPES = YES;
				CLANG_WARN_SUSPICIOUS_MOVE = YES;
				CLANG_WARN_UNGUARDED_AVAILABILITY = YES_AGGRESSIVE;
				CLANG_WARN_UNREACHABLE_CODE = YES;
				CLANG_WARN__DUPLICATE_METHOD_MATCH = YES;
				COPY_PHASE_STRIP = NO;
				DEBUG_INFORMATION_FORMAT = "dwarf-with-dsym";
				ENABLE_NS_ASSERTIONS = NO;
				ENABLE_STRICT_OBJC_MSGSEND = YES;
				ENABLE_USER_SCRIPT_SANDBOXING = YES;
				GCC_C_LANGUAGE_STANDARD = gnu17;
				GCC_NO_COMMON_BLOCKS = YES;
				GCC_WARN_64_TO_32_BIT_CONVERSION = YES;
				GCC_WARN_ABOUT_RETURN_TYPE = YES_ERROR;
				GCC_WARN_UNDECLARED_SELECTOR = YES;
				GCC_WARN_UNINITIALIZED_AUTOS = YES_AGGRESSIVE;
				GCC_WARN_UNUSED_FUNCTION = YES;
				GCC_WARN_UNUSED_VARIABLE = YES;
				IPHONEOS_DEPLOYMENT_TARGET = 17.4;
				LOCALIZATION_PREFERS_STRING_CATALOGS = YES;
				MTL_ENABLE_DEBUG_INFO = NO;
				MTL_FAST_MATH = YES;
				SDKROOT = iphoneos;
				SWIFT_COMPILATION_MODE = wholemodule;
				VALIDATE_PRODUCT = YES;
			};
			name = Release;
		};
		A7DBABDD2C9E62590021CFD9 /* Debug */ = {
			isa = XCBuildConfiguration;
			buildSettings = {
				ASSETCATALOG_COMPILER_APPICON_NAME = AppIcon;
				ASSETCATALOG_COMPILER_GLOBAL_ACCENT_COLOR_NAME = AccentColor;
				CODE_SIGN_STYLE = Automatic;
				CURRENT_PROJECT_VERSION = 1;
				DEVELOPMENT_ASSET_PATHS = "\"MoviesApp/Resources/Preview Content\"";
				DEVELOPMENT_TEAM = M5AB5V73J2;
				ENABLE_PREVIEWS = YES;
				GENERATE_INFOPLIST_FILE = YES;
				INFOPLIST_FILE = MoviesApp/Resources/Info.plist;
				INFOPLIST_KEY_CFBundleDisplayName = "Movies App";
				INFOPLIST_KEY_LSApplicationCategoryType = "public.app-category.entertainment";
				INFOPLIST_KEY_UIApplicationSceneManifest_Generation = YES;
				INFOPLIST_KEY_UIApplicationSupportsIndirectInputEvents = YES;
				INFOPLIST_KEY_UILaunchScreen_Generation = YES;
				INFOPLIST_KEY_UILaunchStoryboardName = "Launch Screen.storyboard";
				INFOPLIST_KEY_UIRequiresFullScreen = YES;
				INFOPLIST_KEY_UISupportedInterfaceOrientations = UIInterfaceOrientationPortrait;
				INFOPLIST_KEY_UISupportedInterfaceOrientations_iPad = "UIInterfaceOrientationPortrait UIInterfaceOrientationPortraitUpsideDown";
				IPHONEOS_DEPLOYMENT_TARGET = 16.0;
				LD_RUNPATH_SEARCH_PATHS = (
					"$(inherited)",
					"@executable_path/Frameworks",
				);
				MARKETING_VERSION = 1.0.0;
				PRODUCT_BUNDLE_IDENTIFIER = dev.leoestremadoyro.MoviesApp;
				PRODUCT_NAME = "$(TARGET_NAME)";
				SUPPORTED_PLATFORMS = "iphoneos iphonesimulator";
				SUPPORTS_MACCATALYST = NO;
				SUPPORTS_MAC_DESIGNED_FOR_IPHONE_IPAD = NO;
				SUPPORTS_XR_DESIGNED_FOR_IPHONE_IPAD = NO;
				SWIFT_EMIT_LOC_STRINGS = YES;
				SWIFT_VERSION = 5.0;
				TARGETED_DEVICE_FAMILY = "1,2";
			};
			name = Debug;
		};
		A7DBABDE2C9E62590021CFD9 /* Release */ = {
			isa = XCBuildConfiguration;
			buildSettings = {
				ASSETCATALOG_COMPILER_APPICON_NAME = AppIcon;
				ASSETCATALOG_COMPILER_GLOBAL_ACCENT_COLOR_NAME = AccentColor;
				CODE_SIGN_STYLE = Automatic;
				CURRENT_PROJECT_VERSION = 1;
				DEVELOPMENT_ASSET_PATHS = "\"MoviesApp/Resources/Preview Content\"";
				DEVELOPMENT_TEAM = M5AB5V73J2;
				ENABLE_PREVIEWS = YES;
				GENERATE_INFOPLIST_FILE = YES;
				INFOPLIST_FILE = MoviesApp/Resources/Info.plist;
				INFOPLIST_KEY_CFBundleDisplayName = "Movies App";
				INFOPLIST_KEY_LSApplicationCategoryType = "public.app-category.entertainment";
				INFOPLIST_KEY_UIApplicationSceneManifest_Generation = YES;
				INFOPLIST_KEY_UIApplicationSupportsIndirectInputEvents = YES;
				INFOPLIST_KEY_UILaunchScreen_Generation = YES;
				INFOPLIST_KEY_UILaunchStoryboardName = "Launch Screen.storyboard";
				INFOPLIST_KEY_UIRequiresFullScreen = YES;
				INFOPLIST_KEY_UISupportedInterfaceOrientations = UIInterfaceOrientationPortrait;
				INFOPLIST_KEY_UISupportedInterfaceOrientations_iPad = "UIInterfaceOrientationPortrait UIInterfaceOrientationPortraitUpsideDown";
				IPHONEOS_DEPLOYMENT_TARGET = 16.0;
				LD_RUNPATH_SEARCH_PATHS = (
					"$(inherited)",
					"@executable_path/Frameworks",
				);
				MARKETING_VERSION = 1.0.0;
				PRODUCT_BUNDLE_IDENTIFIER = dev.leoestremadoyro.MoviesApp;
				PRODUCT_NAME = "$(TARGET_NAME)";
				SUPPORTED_PLATFORMS = "iphoneos iphonesimulator";
				SUPPORTS_MACCATALYST = NO;
				SUPPORTS_MAC_DESIGNED_FOR_IPHONE_IPAD = NO;
				SUPPORTS_XR_DESIGNED_FOR_IPHONE_IPAD = NO;
				SWIFT_EMIT_LOC_STRINGS = YES;
				SWIFT_VERSION = 5.0;
				TARGETED_DEVICE_FAMILY = "1,2";
			};
			name = Release;
		};
/* End XCBuildConfiguration section */

/* Begin XCConfigurationList section */
		A7DBABC92C9E62580021CFD9 /* Build configuration list for PBXProject "MoviesApp" */ = {
			isa = XCConfigurationList;
			buildConfigurations = (
				A7DBABDA2C9E62590021CFD9 /* Debug */,
				A7DBABDB2C9E62590021CFD9 /* Release */,
			);
			defaultConfigurationIsVisible = 0;
			defaultConfigurationName = Release;
		};
		A7DBABDC2C9E62590021CFD9 /* Build configuration list for PBXNativeTarget "MoviesApp" */ = {
			isa = XCConfigurationList;
			buildConfigurations = (
				A7DBABDD2C9E62590021CFD9 /* Debug */,
				A7DBABDE2C9E62590021CFD9 /* Release */,
			);
			defaultConfigurationIsVisible = 0;
			defaultConfigurationName = Release;
		};
/* End XCConfigurationList section */
	};
	rootObject = A7DBABC62C9E62580021CFD9 /* Project object */;
}
